// !$*UTF8*$!
{
	archiveVersion = 1;
	classes = {
	};
	objectVersion = 46;
	objects = {

/* Begin PBXBuildFile section */
		47827BD1169597E3005329A9 /* UIKit.framework in Frameworks */ = {isa = PBXBuildFile; fileRef = 47827BD0169597E3005329A9 /* UIKit.framework */; };
		47827BD3169597E3005329A9 /* Foundation.framework in Frameworks */ = {isa = PBXBuildFile; fileRef = 47827BD2169597E3005329A9 /* Foundation.framework */; };
		47827BD5169597E3005329A9 /* CoreGraphics.framework in Frameworks */ = {isa = PBXBuildFile; fileRef = 47827BD4169597E3005329A9 /* CoreGraphics.framework */; };
		47827BDB169597E3005329A9 /* InfoPlist.strings in Resources */ = {isa = PBXBuildFile; fileRef = 47827BD9169597E3005329A9 /* InfoPlist.strings */; };
		47827BDD169597E4005329A9 /* main.m in Sources */ = {isa = PBXBuildFile; fileRef = 47827BDC169597E4005329A9 /* main.m */; };
		47827BE1169597E4005329A9 /* AppDelegate.m in Sources */ = {isa = PBXBuildFile; fileRef = 47827BE0169597E4005329A9 /* AppDelegate.m */; };
		47827BE3169597E4005329A9 /* Default.png in Resources */ = {isa = PBXBuildFile; fileRef = 47827BE2169597E4005329A9 /* Default.png */; };
		47827BE5169597E4005329A9 /* Default@2x.png in Resources */ = {isa = PBXBuildFile; fileRef = 47827BE4169597E4005329A9 /* Default@2x.png */; };
		47827BE7169597E4005329A9 /* Default-568h@2x.png in Resources */ = {isa = PBXBuildFile; fileRef = 47827BE6169597E4005329A9 /* Default-568h@2x.png */; };
		47827BEA169597E4005329A9 /* ViewController.m in Sources */ = {isa = PBXBuildFile; fileRef = 47827BE9169597E4005329A9 /* ViewController.m */; };
		47827BED169597E4005329A9 /* ViewController_iPhone.xib in Resources */ = {isa = PBXBuildFile; fileRef = 47827BEB169597E4005329A9 /* ViewController_iPhone.xib */; };
		47827BF0169597E4005329A9 /* ViewController_iPad.xib in Resources */ = {isa = PBXBuildFile; fileRef = 47827BEE169597E4005329A9 /* ViewController_iPad.xib */; };
		47827BFC1695983C005329A9 /* UIImage+Thumbnail.m in Sources */ = {isa = PBXBuildFile; fileRef = 47827BFB1695983C005329A9 /* UIImage+Thumbnail.m */; };
		47827C0216959C8E005329A9 /* image.jpg in Resources */ = {isa = PBXBuildFile; fileRef = 47827C0116959C8E005329A9 /* image.jpg */; };
		47827C0516959CC7005329A9 /* mask.jpg in Resources */ = {isa = PBXBuildFile; fileRef = 47827C0316959CC7005329A9 /* mask.jpg */; };
		47827C0616959CC7005329A9 /* mask@2x.jpg in Resources */ = {isa = PBXBuildFile; fileRef = 47827C0416959CC7005329A9 /* mask@2x.jpg */; };
/* End PBXBuildFile section */

/* Begin PBXFileReference section */
		47827BCC169597E3005329A9 /* Thumbnail Creator.app */ = {isa = PBXFileReference; explicitFileType = wrapper.application; includeInIndex = 0; path = "Thumbnail Creator.app"; sourceTree = BUILT_PRODUCTS_DIR; };
		47827BD0169597E3005329A9 /* UIKit.framework */ = {isa = PBXFileReference; lastKnownFileType = wrapper.framework; name = UIKit.framework; path = System/Library/Frameworks/UIKit.framework; sourceTree = SDKROOT; };
		47827BD2169597E3005329A9 /* Foundation.framework */ = {isa = PBXFileReference; lastKnownFileType = wrapper.framework; name = Foundation.framework; path = System/Library/Frameworks/Foundation.framework; sourceTree = SDKROOT; };
		47827BD4169597E3005329A9 /* CoreGraphics.framework */ = {isa = PBXFileReference; lastKnownFileType = wrapper.framework; name = CoreGraphics.framework; path = System/Library/Frameworks/CoreGraphics.framework; sourceTree = SDKROOT; };
		47827BD8169597E3005329A9 /* Thumbnail Creator-Info.plist */ = {isa = PBXFileReference; lastKnownFileType = text.plist.xml; path = "Thumbnail Creator-Info.plist"; sourceTree = "<group>"; };
		47827BDA169597E3005329A9 /* en */ = {isa = PBXFileReference; lastKnownFileType = text.plist.strings; name = en; path = en.lproj/InfoPlist.strings; sourceTree = "<group>"; };
		47827BDC169597E4005329A9 /* main.m */ = {isa = PBXFileReference; lastKnownFileType = sourcecode.c.objc; path = main.m; sourceTree = "<group>"; };
		47827BDE169597E4005329A9 /* Thumbnail Creator-Prefix.pch */ = {isa = PBXFileReference; lastKnownFileType = sourcecode.c.h; path = "Thumbnail Creator-Prefix.pch"; sourceTree = "<group>"; };
		47827BDF169597E4005329A9 /* AppDelegate.h */ = {isa = PBXFileReference; lastKnownFileType = sourcecode.c.h; path = AppDelegate.h; sourceTree = "<group>"; };
		47827BE0169597E4005329A9 /* AppDelegate.m */ = {isa = PBXFileReference; lastKnownFileType = sourcecode.c.objc; path = AppDelegate.m; sourceTree = "<group>"; };
		47827BE2169597E4005329A9 /* Default.png */ = {isa = PBXFileReference; lastKnownFileType = image.png; path = Default.png; sourceTree = "<group>"; };
		47827BE4169597E4005329A9 /* Default@2x.png */ = {isa = PBXFileReference; lastKnownFileType = image.png; path = "Default@2x.png"; sourceTree = "<group>"; };
		47827BE6169597E4005329A9 /* Default-568h@2x.png */ = {isa = PBXFileReference; lastKnownFileType = image.png; path = "Default-568h@2x.png"; sourceTree = "<group>"; };
		47827BE8169597E4005329A9 /* ViewController.h */ = {isa = PBXFileReference; lastKnownFileType = sourcecode.c.h; path = ViewController.h; sourceTree = "<group>"; };
		47827BE9169597E4005329A9 /* ViewController.m */ = {isa = PBXFileReference; lastKnownFileType = sourcecode.c.objc; path = ViewController.m; sourceTree = "<group>"; };
		47827BEC169597E4005329A9 /* en */ = {isa = PBXFileReference; lastKnownFileType = file.xib; name = en; path = en.lproj/ViewController_iPhone.xib; sourceTree = "<group>"; };
		47827BEF169597E4005329A9 /* en */ = {isa = PBXFileReference; lastKnownFileType = file.xib; name = en; path = en.lproj/ViewController_iPad.xib; sourceTree = "<group>"; };
		47827BFA1695983C005329A9 /* UIImage+Thumbnail.h */ = {isa = PBXFileReference; fileEncoding = 4; lastKnownFileType = sourcecode.c.h; path = "UIImage+Thumbnail.h"; sourceTree = "<group>"; };
		47827BFB1695983C005329A9 /* UIImage+Thumbnail.m */ = {isa = PBXFileReference; fileEncoding = 4; lastKnownFileType = sourcecode.c.objc; path = "UIImage+Thumbnail.m"; sourceTree = "<group>"; };
		47827C0116959C8E005329A9 /* image.jpg */ = {isa = PBXFileReference; lastKnownFileType = image.jpeg; name = image.jpg; path = assets/image.jpg; sourceTree = "<group>"; };
		47827C0316959CC7005329A9 /* mask.jpg */ = {isa = PBXFileReference; lastKnownFileType = image.jpeg; name = mask.jpg; path = assets/mask.jpg; sourceTree = "<group>"; };
		47827C0416959CC7005329A9 /* mask@2x.jpg */ = {isa = PBXFileReference; lastKnownFileType = image.jpeg; name = "mask@2x.jpg"; path = "assets/mask@2x.jpg"; sourceTree = "<group>"; };
/* End PBXFileReference section */

/* Begin PBXFrameworksBuildPhase section */
		47827BC9169597E3005329A9 /* Frameworks */ = {
			isa = PBXFrameworksBuildPhase;
			buildActionMask = 2147483647;
			files = (
				47827BD1169597E3005329A9 /* UIKit.framework in Frameworks */,
				47827BD3169597E3005329A9 /* Foundation.framework in Frameworks */,
				47827BD5169597E3005329A9 /* CoreGraphics.framework in Frameworks */,
			);
			runOnlyForDeploymentPostprocessing = 0;
		};
/* End PBXFrameworksBuildPhase section */

/* Begin PBXGroup section */
		47827BC1169597E3005329A9 = {
			isa = PBXGroup;
			children = (
				47827BD6169597E3005329A9 /* Thumbnail Creator */,
				47827BCF169597E3005329A9 /* Frameworks */,
				47827BCD169597E3005329A9 /* Products */,
			);
			sourceTree = "<group>";
		};
		47827BCD169597E3005329A9 /* Products */ = {
			isa = PBXGroup;
			children = (
				47827BCC169597E3005329A9 /* Thumbnail Creator.app */,
			);
			name = Products;
			sourceTree = "<group>";
		};
		47827BCF169597E3005329A9 /* Frameworks */ = {
			isa = PBXGroup;
			children = (
				47827BD0169597E3005329A9 /* UIKit.framework */,
				47827BD2169597E3005329A9 /* Foundation.framework */,
				47827BD4169597E3005329A9 /* CoreGraphics.framework */,
			);
			name = Frameworks;
			sourceTree = "<group>";
		};
		47827BD6169597E3005329A9 /* Thumbnail Creator */ = {
			isa = PBXGroup;
			children = (
				47827C0016959B8A005329A9 /* assets */,
				47827BDF169597E4005329A9 /* AppDelegate.h */,
				47827BE0169597E4005329A9 /* AppDelegate.m */,
				47827BE8169597E4005329A9 /* ViewController.h */,
				47827BE9169597E4005329A9 /* ViewController.m */,
				47827BEB169597E4005329A9 /* ViewController_iPhone.xib */,
				47827BEE169597E4005329A9 /* ViewController_iPad.xib */,
				47827BFA1695983C005329A9 /* UIImage+Thumbnail.h */,
				47827BFB1695983C005329A9 /* UIImage+Thumbnail.m */,
				47827BD7169597E3005329A9 /* Supporting Files */,
			);
			path = "Thumbnail Creator";
			sourceTree = "<group>";
		};
		47827BD7169597E3005329A9 /* Supporting Files */ = {
			isa = PBXGroup;
			children = (
				47827BD8169597E3005329A9 /* Thumbnail Creator-Info.plist */,
				47827BD9169597E3005329A9 /* InfoPlist.strings */,
				47827BDC169597E4005329A9 /* main.m */,
				47827BDE169597E4005329A9 /* Thumbnail Creator-Prefix.pch */,
				47827BE2169597E4005329A9 /* Default.png */,
				47827BE4169597E4005329A9 /* Default@2x.png */,
				47827BE6169597E4005329A9 /* Default-568h@2x.png */,
			);
			name = "Supporting Files";
			sourceTree = "<group>";
		};
		47827C0016959B8A005329A9 /* assets */ = {
			isa = PBXGroup;
			children = (
				47827C0316959CC7005329A9 /* mask.jpg */,
				47827C0416959CC7005329A9 /* mask@2x.jpg */,
				47827C0116959C8E005329A9 /* image.jpg */,
			);
			name = assets;
			sourceTree = "<group>";
		};
/* End PBXGroup section */

/* Begin PBXNativeTarget section */
		47827BCB169597E3005329A9 /* Thumbnail Creator */ = {
			isa = PBXNativeTarget;
			buildConfigurationList = 47827BF3169597E4005329A9 /* Build configuration list for PBXNativeTarget "Thumbnail Creator" */;
			buildPhases = (
				47827BC8169597E3005329A9 /* Sources */,
				47827BC9169597E3005329A9 /* Frameworks */,
				47827BCA169597E3005329A9 /* Resources */,
			);
			buildRules = (
			);
			dependencies = (
			);
			name = "Thumbnail Creator";
			productName = "Thumbnail Creator";
			productReference = 47827BCC169597E3005329A9 /* Thumbnail Creator.app */;
			productType = "com.apple.product-type.application";
		};
/* End PBXNativeTarget section */

/* Begin PBXProject section */
		47827BC3169597E3005329A9 /* Project object */ = {
			isa = PBXProject;
			attributes = {
				LastUpgradeCheck = 0450;
				ORGANIZATIONNAME = Grsmto;
			};
			buildConfigurationList = 47827BC6169597E3005329A9 /* Build configuration list for PBXProject "Thumbnail Creator" */;
			compatibilityVersion = "Xcode 3.2";
			developmentRegion = English;
			hasScannedForEncodings = 0;
			knownRegions = (
				en,
			);
			mainGroup = 47827BC1169597E3005329A9;
			productRefGroup = 47827BCD169597E3005329A9 /* Products */;
			projectDirPath = "";
			projectRoot = "";
			targets = (
				47827BCB169597E3005329A9 /* Thumbnail Creator */,
			);
		};
/* End PBXProject section */

/* Begin PBXResourcesBuildPhase section */
		47827BCA169597E3005329A9 /* Resources */ = {
			isa = PBXResourcesBuildPhase;
			buildActionMask = 2147483647;
			files = (
				47827BDB169597E3005329A9 /* InfoPlist.strings in Resources */,
				47827BE3169597E4005329A9 /* Default.png in Resources */,
				47827BE5169597E4005329A9 /* Default@2x.png in Resources */,
				47827BE7169597E4005329A9 /* Default-568h@2x.png in Resources */,
				47827BED169597E4005329A9 /* ViewController_iPhone.xib in Resources */,
				47827BF0169597E4005329A9 /* ViewController_iPad.xib in Resources */,
				47827C0216959C8E005329A9 /* image.jpg in Resources */,
				47827C0516959CC7005329A9 /* mask.jpg in Resources */,
				47827C0616959CC7005329A9 /* mask@2x.jpg in Resources */,
			);
			runOnlyForDeploymentPostprocessing = 0;
		};
/* End PBXResourcesBuildPhase section */

/* Begin PBXSourcesBuildPhase section */
		47827BC8169597E3005329A9 /* Sources */ = {
			isa = PBXSourcesBuildPhase;
			buildActionMask = 2147483647;
			files = (
				47827BDD169597E4005329A9 /* main.m in Sources */,
				47827BE1169597E4005329A9 /* AppDelegate.m in Sources */,
				47827BEA169597E4005329A9 /* ViewController.m in Sources */,
				47827BFC1695983C005329A9 /* UIImage+Thumbnail.m in Sources */,
			);
			runOnlyForDeploymentPostprocessing = 0;
		};
/* End PBXSourcesBuildPhase section */

/* Begin PBXVariantGroup section */
		47827BD9169597E3005329A9 /* InfoPlist.strings */ = {
			isa = PBXVariantGroup;
			children = (
				47827BDA169597E3005329A9 /* en */,
			);
			name = InfoPlist.strings;
			sourceTree = "<group>";
		};
		47827BEB169597E4005329A9 /* ViewController_iPhone.xib */ = {
			isa = PBXVariantGroup;
			children = (
				47827BEC169597E4005329A9 /* en */,
			);
			name = ViewController_iPhone.xib;
			sourceTree = "<group>";
		};
		47827BEE169597E4005329A9 /* ViewController_iPad.xib */ = {
			isa = PBXVariantGroup;
			children = (
				47827BEF169597E4005329A9 /* en */,
			);
			name = ViewController_iPad.xib;
			sourceTree = "<group>";
		};
/* End PBXVariantGroup section */

/* Begin XCBuildConfiguration section */
		47827BF1169597E4005329A9 /* Debug */ = {
			isa = XCBuildConfiguration;
			buildSettings = {
				ALWAYS_SEARCH_USER_PATHS = NO;
				CLANG_CXX_LANGUAGE_STANDARD = "gnu++0x";
				CLANG_CXX_LIBRARY = "libc++";
				CLANG_ENABLE_OBJC_ARC = YES;
				CLANG_WARN_EMPTY_BODY = YES;
				CLANG_WARN__DUPLICATE_METHOD_MATCH = YES;
				"CODE_SIGN_IDENTITY[sdk=iphoneos*]" = "iPhone Developer";
				COPY_PHASE_STRIP = NO;
				GCC_C_LANGUAGE_STANDARD = gnu99;
				GCC_DYNAMIC_NO_PIC = NO;
				GCC_OPTIMIZATION_LEVEL = 0;
				GCC_PREPROCESSOR_DEFINITIONS = (
					"DEBUG=1",
					"$(inherited)",
				);
				GCC_SYMBOLS_PRIVATE_EXTERN = NO;
				GCC_WARN_ABOUT_RETURN_TYPE = YES;
				GCC_WARN_UNINITIALIZED_AUTOS = YES;
				GCC_WARN_UNUSED_VARIABLE = YES;
				IPHONEOS_DEPLOYMENT_TARGET = 6.0;
				ONLY_ACTIVE_ARCH = YES;
				SDKROOT = iphoneos;
				TARGETED_DEVICE_FAMILY = "1,2";
			};
			name = Debug;
		};
		47827BF2169597E4005329A9 /* Release */ = {
			isa = XCBuildConfiguration;
			buildSettings = {
				ALWAYS_SEARCH_USER_PATHS = NO;
				CLANG_CXX_LANGUAGE_STANDARD = "gnu++0x";
				CLANG_CXX_LIBRARY = "libc++";
				CLANG_ENABLE_OBJC_ARC = YES;
				CLANG_WARN_EMPTY_BODY = YES;
				CLANG_WARN__DUPLICATE_METHOD_MATCH = YES;
				"CODE_SIGN_IDENTITY[sdk=iphoneos*]" = "iPhone Developer";
				COPY_PHASE_STRIP = YES;
				GCC_C_LANGUAGE_STANDARD = gnu99;
				GCC_WARN_ABOUT_RETURN_TYPE = YES;
				GCC_WARN_UNINITIALIZED_AUTOS = YES;
				GCC_WARN_UNUSED_VARIABLE = YES;
				IPHONEOS_DEPLOYMENT_TARGET = 6.0;
				OTHER_CFLAGS = "-DNS_BLOCK_ASSERTIONS=1";
				SDKROOT = iphoneos;
				TARGETED_DEVICE_FAMILY = "1,2";
				VALIDATE_PRODUCT = YES;
			};
			name = Release;
		};
		47827BF4169597E4005329A9 /* Debug */ = {
			isa = XCBuildConfiguration;
			buildSettings = {
				GCC_PRECOMPILE_PREFIX_HEADER = YES;
				GCC_PREFIX_HEADER = "Thumbnail Creator/Thumbnail Creator-Prefix.pch";
				INFOPLIST_FILE = "Thumbnail Creator/Thumbnail Creator-Info.plist";
				PRODUCT_NAME = "$(TARGET_NAME)";
				WRAPPER_EXTENSION = app;
			};
			name = Debug;
		};
		47827BF5169597E4005329A9 /* Release */ = {
			isa = XCBuildConfiguration;
			buildSettings = {
				GCC_PRECOMPILE_PREFIX_HEADER = YES;
				GCC_PREFIX_HEADER = "Thumbnail Creator/Thumbnail Creator-Prefix.pch";
				INFOPLIST_FILE = "Thumbnail Creator/Thumbnail Creator-Info.plist";
				PRODUCT_NAME = "$(TARGET_NAME)";
				WRAPPER_EXTENSION = app;
			};
			name = Release;
		};
/* End XCBuildConfiguration section */

/* Begin XCConfigurationList section */
		47827BC6169597E3005329A9 /* Build configuration list for PBXProject "Thumbnail Creator" */ = {
			isa = XCConfigurationList;
			buildConfigurations = (
				47827BF1169597E4005329A9 /* Debug */,
				47827BF2169597E4005329A9 /* Release */,
			);
			defaultConfigurationIsVisible = 0;
			defaultConfigurationName = Release;
		};
		47827BF3169597E4005329A9 /* Build configuration list for PBXNativeTarget "Thumbnail Creator" */ = {
			isa = XCConfigurationList;
			buildConfigurations = (
				47827BF4169597E4005329A9 /* Debug */,
				47827BF5169597E4005329A9 /* Release */,
			);
			defaultConfigurationIsVisible = 0;
			defaultConfigurationName = Release;
		};
/* End XCConfigurationList section */
	};
	rootObject = 47827BC3169597E3005329A9 /* Project object */;
}
